{
  "version": 4,
  "terraform_version": "1.11.4",
  "serial": 21,
  "lineage": "f04814c1-6f19-d14e-098e-02648c933879",
  "outputs": {},
  "resources": [
    {
      "mode": "data",
      "type": "azurerm_resources",
      "name": "vms_in_rg",
      "provider": "provider[\"registry.terraform.io/hashicorp/azurerm\"]",
      "instances": [
        {
          "schema_version": 0,
          "attributes": {
            "id": "resource-737d5bb2-04aa-44de-aa4e-254c6f85f5c5",
            "name": null,
            "required_tags": null,
            "resource_group_name": "bab-dev-mub-swec-rg-01",
            "resources": [
              {
                "id": "/subscriptions/43cc4f11-ffb1-4a0d-8420-0ba3746b4248/resourceGroups/bab-dev-mub-swec-rg-01/providers/Microsoft.Compute/virtualMachines/DAMUBAPCODWV1",
                "location": "swedencentral",
                "name": "DAMUBAPCODWV1",
                "resource_group_name": "bab-dev-mub-swec-rg-01",
                "tags": {},
                "type": "Microsoft.Compute/virtualMachines"
              },
              {
                "id": "/subscriptions/43cc4f11-ffb1-4a0d-8420-0ba3746b4248/resourceGroups/bab-dev-mub-swec-rg-01/providers/Microsoft.Compute/virtualMachines/DAMUBAPCODWV2",
                "location": "swedencentral",
                "name": "DAMUBAPCODWV2",
                "resource_group_name": "bab-dev-mub-swec-rg-01",
                "tags": {},
                "type": "Microsoft.Compute/virtualMachines"
              },
              {
                "id": "/subscriptions/43cc4f11-ffb1-4a0d-8420-0ba3746b4248/resourceGroups/bab-dev-mub-swec-rg-01/providers/Microsoft.Compute/virtualMachines/DAMUBAPJBDWV1",
                "location": "swedencentral",
                "name": "DAMUBAPJBDWV1",
                "resource_group_name": "bab-dev-mub-swec-rg-01",
                "tags": {},
                "type": "Microsoft.Compute/virtualMachines"
              },
              {
                "id": "/subscriptions/43cc4f11-ffb1-4a0d-8420-0ba3746b4248/resourceGroups/bab-dev-mub-swec-rg-01/providers/Microsoft.Compute/virtualMachines/DAMUBWBAPDWV1",
                "location": "swedencentral",
                "name": "DAMUBWBAPDWV1",
                "resource_group_name": "bab-dev-mub-swec-rg-01",
                "tags": {},
                "type": "Microsoft.Compute/virtualMachines"
              },
              {
                "id": "/subscriptions/43cc4f11-ffb1-4a0d-8420-0ba3746b4248/resourceGroups/bab-dev-mub-swec-rg-01/providers/Microsoft.Compute/virtualMachines/DAMUBWBAPDWV2",
                "location": "swedencentral",
                "name": "DAMUBWBAPDWV2",
                "resource_group_name": "bab-dev-mub-swec-rg-01",
                "tags": {},
                "type": "Microsoft.Compute/virtualMachines"
              },
              {
                "id": "/subscriptions/43cc4f11-ffb1-4a0d-8420-0ba3746b4248/resourceGroups/bab-dev-mub-swec-rg-01/providers/Microsoft.Compute/virtualMachines/DAMUBDBORDWV2",
                "location": "swedencentral",
                "name": "DAMUBDBORDWV2",
                "resource_group_name": "bab-dev-mub-swec-rg-01",
                "tags": {},
                "type": "Microsoft.Compute/virtualMachines"
              },
              {
                "id": "/subscriptions/43cc4f11-ffb1-4a0d-8420-0ba3746b4248/resourceGroups/bab-dev-mub-swec-rg-01/providers/Microsoft.Compute/virtualMachines/D2MUBAPJBDWV1",
                "location": "swedencentral",
                "name": "D2MUBAPJBDWV1",
                "resource_group_name": "bab-dev-mub-swec-rg-01",
                "tags": {},
                "type": "Microsoft.Compute/virtualMachines"
              },
              {
                "id": "/subscriptions/43cc4f11-ffb1-4a0d-8420-0ba3746b4248/resourceGroups/bab-dev-mub-swec-rg-01/providers/Microsoft.Compute/virtualMachines/D2MUBAPJBDWV2",
                "location": "swedencentral",
                "name": "D2MUBAPJBDWV2",
                "resource_group_name": "bab-dev-mub-swec-rg-01",
                "tags": {},
                "type": "Microsoft.Compute/virtualMachines"
              },
              {
                "id": "/subscriptions/43cc4f11-ffb1-4a0d-8420-0ba3746b4248/resourceGroups/bab-dev-mub-swec-rg-01/providers/Microsoft.Compute/virtualMachines/D2MUBAPJBDWV3",
                "location": "swedencentral",
                "name": "D2MUBAPJBDWV3",
                "resource_group_name": "bab-dev-mub-swec-rg-01",
                "tags": {},
                "type": "Microsoft.Compute/virtualMachines"
              },
              {
                "id": "/subscriptions/43cc4f11-ffb1-4a0d-8420-0ba3746b4248/resourceGroups/bab-dev-mub-swec-rg-01/providers/Microsoft.Compute/virtualMachines/DAMUBAPMGDWV01",
                "location": "swedencentral",
                "name": "DAMUBAPMGDWV01",
                "resource_group_name": "bab-dev-mub-swec-rg-01",
                "tags": {},
                "type": "Microsoft.Compute/virtualMachines"
              },
              {
                "id": "/subscriptions/43cc4f11-ffb1-4a0d-8420-0ba3746b4248/resourceGroups/bab-dev-mub-swec-rg-01/providers/Microsoft.Compute/virtualMachines/DAMUBWBMGDWV01",
                "location": "swedencentral",
                "name": "DAMUBWBMGDWV01",
                "resource_group_name": "bab-dev-mub-swec-rg-01",
                "tags": {},
                "type": "Microsoft.Compute/virtualMachines"
              },
              {
                "id": "/subscriptions/43cc4f11-ffb1-4a0d-8420-0ba3746b4248/resourceGroups/bab-dev-mub-swec-rg-01/providers/Microsoft.Compute/virtualMachines/DAMUBDBORDLV01",
                "location": "swedencentral",
                "name": "DAMUBDBORDLV01",
                "resource_group_name": "bab-dev-mub-swec-rg-01",
                "tags": {},
                "type": "Microsoft.Compute/virtualMachines"
              },
              {
                "id": "/subscriptions/43cc4f11-ffb1-4a0d-8420-0ba3746b4248/resourceGroups/bab-dev-mub-swec-rg-01/providers/Microsoft.Compute/virtualMachines/DAMUBWBWV01",
                "location": "swedencentral",
                "name": "DAMUBWBWV01",
                "resource_group_name": "bab-dev-mub-swec-rg-01",
                "tags": {},
                "type": "Microsoft.Compute/virtualMachines"
              },
              {
                "id": "/subscriptions/43cc4f11-ffb1-4a0d-8420-0ba3746b4248/resourceGroups/bab-dev-mub-swec-rg-01/providers/Microsoft.Compute/virtualMachines/DAMUBCSMAPWV01",
                "location": "swedencentral",
                "name": "DAMUBCSMAPWV01",
                "resource_group_name": "bab-dev-mub-swec-rg-01",
                "tags": {},
                "type": "Microsoft.Compute/virtualMachines"
              },
              {
                "id": "/subscriptions/43cc4f11-ffb1-4a0d-8420-0ba3746b4248/resourceGroups/bab-dev-mub-swec-rg-01/providers/Microsoft.Compute/virtualMachines/DAMUBSCMAPWV01",
                "location": "swedencentral",
                "name": "DAMUBSCMAPWV01",
                "resource_group_name": "bab-dev-mub-swec-rg-01",
                "tags": {},
                "type": "Microsoft.Compute/virtualMachines"
              },
              {
                "id": "/subscriptions/43cc4f11-ffb1-4a0d-8420-0ba3746b4248/resourceGroups/bab-dev-mub-swec-rg-01/providers/Microsoft.Compute/virtualMachines/DAMUBTRSAPWV01",
                "location": "swedencentral",
                "name": "DAMUBTRSAPWV01",
                "resource_group_name": "bab-dev-mub-swec-rg-01",
                "tags": {},
                "type": "Microsoft.Compute/virtualMachines"
              },
              {
                "id": "/subscriptions/43cc4f11-ffb1-4a0d-8420-0ba3746b4248/resourceGroups/bab-dev-mub-swec-rg-01/providers/Microsoft.Compute/virtualMachines/DAMUBSMSAPWV01",
                "location": "swedencentral",
                "name": "DAMUBSMSAPWV01",
                "resource_group_name": "bab-dev-mub-swec-rg-01",
                "tags": {},
                "type": "Microsoft.Compute/virtualMachines"
              },
              {
                "id": "/subscriptions/43cc4f11-ffb1-4a0d-8420-0ba3746b4248/resourceGroups/bab-dev-mub-swec-rg-01/providers/Microsoft.Compute/virtualMachines/DAMUBOMSAPWV01",
                "location": "swedencentral",
                "name": "DAMUBOMSAPWV01",
                "resource_group_name": "bab-dev-mub-swec-rg-01",
                "tags": {},
                "type": "Microsoft.Compute/virtualMachines"
              },
              {
                "id": "/subscriptions/43cc4f11-ffb1-4a0d-8420-0ba3746b4248/resourceGroups/bab-dev-mub-swec-rg-01/providers/Microsoft.Compute/virtualMachines/DAMUBOMSAPWV02",
                "location": "swedencentral",
                "name": "DAMUBOMSAPWV02",
                "resource_group_name": "bab-dev-mub-swec-rg-01",
                "tags": {},
                "type": "Microsoft.Compute/virtualMachines"
              },
              {
                "id": "/subscriptions/43cc4f11-ffb1-4a0d-8420-0ba3746b4248/resourceGroups/bab-dev-mub-swec-rg-01/providers/Microsoft.Compute/virtualMachines/DAMUBOMSAPWV03",
                "location": "swedencentral",
                "name": "DAMUBOMSAPWV03",
                "resource_group_name": "bab-dev-mub-swec-rg-01",
                "tags": {},
                "type": "Microsoft.Compute/virtualMachines"
              }
            ],
            "timeouts": null,
            "type": "Microsoft.Compute/virtualMachines"
          },
          "sensitive_attributes": []
        }
      ]
    },
    {
      "mode": "data",
      "type": "azurerm_virtual_machine",
      "name": "vm",
      "provider": "provider[\"registry.terraform.io/hashicorp/azurerm\"]",
      "instances": [
        {
          "index_key": "D2MUBAPJBDWV1",
          "schema_version": 0,
          "attributes": {
            "id": "/subscriptions/43cc4f11-ffb1-4a0d-8420-0ba3746b4248/resourceGroups/bab-dev-mub-swec-rg-01/providers/Microsoft.Compute/virtualMachines/D2MUBAPJBDWV1",
            "identity": [],
            "location": "swedencentral",
            "name": "D2MUBAPJBDWV1",
            "power_state": "running",
            "private_ip_address": "10.189.57.149",
            "private_ip_addresses": [
              "10.189.57.149"
            ],
            "public_ip_address": "",
            "public_ip_addresses": [],
            "resource_group_name": "bab-dev-mub-swec-rg-01",
            "timeouts": null
          },
          "sensitive_attributes": []
        },
        {
          "index_key": "D2MUBAPJBDWV2",
          "schema_version": 0,
          "attributes": {
            "id": "/subscriptions/43cc4f11-ffb1-4a0d-8420-0ba3746b4248/resourceGroups/bab-dev-mub-swec-rg-01/providers/Microsoft.Compute/virtualMachines/D2MUBAPJBDWV2",
            "identity": [],
            "location": "swedencentral",
            "name": "D2MUBAPJBDWV2",
            "power_state": "running",
            "private_ip_address": "10.189.56.115",
            "private_ip_addresses": [
              "10.189.56.115"
            ],
            "public_ip_address": "",
            "public_ip_addresses": [],
            "resource_group_name": "bab-dev-mub-swec-rg-01",
            "timeouts": null
          },
          "sensitive_attributes": []
        },
        {
          "index_key": "D2MUBAPJBDWV3",
          "schema_version": 0,
          "attributes": {
            "id": "/subscriptions/43cc4f11-ffb1-4a0d-8420-0ba3746b4248/resourceGroups/bab-dev-mub-swec-rg-01/providers/Microsoft.Compute/virtualMachines/D2MUBAPJBDWV3",
            "identity": [],
            "location": "swedencentral",
            "name": "D2MUBAPJBDWV3",
            "power_state": "running",
            "private_ip_address": "10.189.56.116",
            "private_ip_addresses": [
              "10.189.56.116"
            ],
            "public_ip_address": "",
            "public_ip_addresses": [],
            "resource_group_name": "bab-dev-mub-swec-rg-01",
            "timeouts": null
          },
          "sensitive_attributes": []
        },
        {
          "index_key": "DAMUBAPCODWV1",
          "schema_version": 0,
          "attributes": {
            "id": "/subscriptions/43cc4f11-ffb1-4a0d-8420-0ba3746b4248/resourceGroups/bab-dev-mub-swec-rg-01/providers/Microsoft.Compute/virtualMachines/DAMUBAPCODWV1",
            "identity": [],
            "location": "swedencentral",
            "name": "DAMUBAPCODWV1",
            "power_state": "running",
            "private_ip_address": "10.189.57.146",
            "private_ip_addresses": [
              "10.189.57.146"
            ],
            "public_ip_address": "",
            "public_ip_addresses": [],
            "resource_group_name": "bab-dev-mub-swec-rg-01",
            "timeouts": null
          },
          "sensitive_attributes": []
        },
        {
          "index_key": "DAMUBAPCODWV2",
          "schema_version": 0,
          "attributes": {
            "id": "/subscriptions/43cc4f11-ffb1-4a0d-8420-0ba3746b4248/resourceGroups/bab-dev-mub-swec-rg-01/providers/Microsoft.Compute/virtualMachines/DAMUBAPCODWV2",
            "identity": [],
            "location": "swedencentral",
            "name": "DAMUBAPCODWV2",
            "power_state": "running",
            "private_ip_address": "10.189.57.147",
            "private_ip_addresses": [
              "10.189.57.147"
            ],
            "public_ip_address": "",
            "public_ip_addresses": [],
            "resource_group_name": "bab-dev-mub-swec-rg-01",
            "timeouts": null
          },
          "sensitive_attributes": []
        },
        {
          "index_key": "DAMUBAPJBDWV1",
          "schema_version": 0,
          "attributes": {
            "id": "/subscriptions/43cc4f11-ffb1-4a0d-8420-0ba3746b4248/resourceGroups/bab-dev-mub-swec-rg-01/providers/Microsoft.Compute/virtualMachines/DAMUBAPJBDWV1",
            "identity": [],
            "location": "swedencentral",
            "name": "DAMUBAPJBDWV1",
            "power_state": "running",
            "private_ip_address": "10.189.57.148",
            "private_ip_addresses": [
              "10.189.57.148"
            ],
            "public_ip_address": "",
            "public_ip_addresses": [],
            "resource_group_name": "bab-dev-mub-swec-rg-01",
            "timeouts": null
          },
          "sensitive_attributes": []
        },
        {
          "index_key": "DAMUBAPMGDWV01",
          "schema_version": 0,
          "attributes": {
            "id": "/subscriptions/43cc4f11-ffb1-4a0d-8420-0ba3746b4248/resourceGroups/bab-dev-mub-swec-rg-01/providers/Microsoft.Compute/virtualMachines/DAMUBAPMGDWV01",
            "identity": [],
            "location": "swedencentral",
            "name": "DAMUBAPMGDWV01",
            "power_state": "running",
            "private_ip_address": "10.189.57.180",
            "private_ip_addresses": [
              "10.189.57.180"
            ],
            "public_ip_address": "",
            "public_ip_addresses": [],
            "resource_group_name": "bab-dev-mub-swec-rg-01",
            "timeouts": null
          },
          "sensitive_attributes": []
        },
        {
          "index_key": "DAMUBCSMAPWV01",
          "schema_version": 0,
          "attributes": {
            "id": "/subscriptions/43cc4f11-ffb1-4a0d-8420-0ba3746b4248/resourceGroups/bab-dev-mub-swec-rg-01/providers/Microsoft.Compute/virtualMachines/DAMUBCSMAPWV01",
            "identity": [],
            "location": "swedencentral",
            "name": "DAMUBCSMAPWV01",
            "power_state": "running",
            "private_ip_address": "10.189.56.123",
            "private_ip_addresses": [
              "10.189.56.123"
            ],
            "public_ip_address": "",
            "public_ip_addresses": [],
            "resource_group_name": "bab-dev-mub-swec-rg-01",
            "timeouts": null
          },
          "sensitive_attributes": []
        },
        {
          "index_key": "DAMUBDBORDLV01",
          "schema_version": 0,
          "attributes": {
            "id": "/subscriptions/43cc4f11-ffb1-4a0d-8420-0ba3746b4248/resourceGroups/bab-dev-mub-swec-rg-01/providers/Microsoft.Compute/virtualMachines/DAMUBDBORDLV01",
            "identity": [],
            "location": "swedencentral",
            "name": "DAMUBDBORDLV01",
            "power_state": "deallocated",
            "private_ip_address": "10.189.57.206",
            "private_ip_addresses": [
              "10.189.57.206"
            ],
            "public_ip_address": "",
            "public_ip_addresses": [],
            "resource_group_name": "bab-dev-mub-swec-rg-01",
            "timeouts": null
          },
          "sensitive_attributes": []
        },
        {
          "index_key": "DAMUBDBORDWV2",
          "schema_version": 0,
          "attributes": {
            "id": "/subscriptions/43cc4f11-ffb1-4a0d-8420-0ba3746b4248/resourceGroups/bab-dev-mub-swec-rg-01/providers/Microsoft.Compute/virtualMachines/DAMUBDBORDWV2",
            "identity": [],
            "location": "swedencentral",
            "name": "DAMUBDBORDWV2",
            "power_state": "running",
            "private_ip_address": "10.189.57.201",
            "private_ip_addresses": [
              "10.189.57.201"
            ],
            "public_ip_address": "",
            "public_ip_addresses": [],
            "resource_group_name": "bab-dev-mub-swec-rg-01",
            "timeouts": null
          },
          "sensitive_attributes": []
        },
        {
          "index_key": "DAMUBOMSAPWV01",
          "schema_version": 0,
          "attributes": {
            "id": "/subscriptions/43cc4f11-ffb1-4a0d-8420-0ba3746b4248/resourceGroups/bab-dev-mub-swec-rg-01/providers/Microsoft.Compute/virtualMachines/DAMUBOMSAPWV01",
            "identity": [],
            "location": "swedencentral",
            "name": "DAMUBOMSAPWV01",
            "power_state": "running",
            "private_ip_address": "10.189.57.68",
            "private_ip_addresses": [
              "10.189.57.68"
            ],
            "public_ip_address": "",
            "public_ip_addresses": [],
            "resource_group_name": "bab-dev-mub-swec-rg-01",
            "timeouts": null
          },
          "sensitive_attributes": []
        },
        {
          "index_key": "DAMUBOMSAPWV02",
          "schema_version": 0,
          "attributes": {
            "id": "/subscriptions/43cc4f11-ffb1-4a0d-8420-0ba3746b4248/resourceGroups/bab-dev-mub-swec-rg-01/providers/Microsoft.Compute/virtualMachines/DAMUBOMSAPWV02",
            "identity": [],
            "location": "swedencentral",
            "name": "DAMUBOMSAPWV02",
            "power_state": "running",
            "private_ip_address": "10.189.57.70",
            "private_ip_addresses": [
              "10.189.57.70"
            ],
            "public_ip_address": "",
            "public_ip_addresses": [],
            "resource_group_name": "bab-dev-mub-swec-rg-01",
            "timeouts": null
          },
          "sensitive_attributes": []
        },
        {
          "index_key": "DAMUBOMSAPWV03",
          "schema_version": 0,
          "attributes": {
            "id": "/subscriptions/43cc4f11-ffb1-4a0d-8420-0ba3746b4248/resourceGroups/bab-dev-mub-swec-rg-01/providers/Microsoft.Compute/virtualMachines/DAMUBOMSAPWV03",
            "identity": [],
            "location": "swedencentral",
            "name": "DAMUBOMSAPWV03",
            "power_state": "running",
            "private_ip_address": "10.189.57.71",
            "private_ip_addresses": [
              "10.189.57.71"
            ],
            "public_ip_address": "",
            "public_ip_addresses": [],
            "resource_group_name": "bab-dev-mub-swec-rg-01",
            "timeouts": null
          },
          "sensitive_attributes": []
        },
        {
          "index_key": "DAMUBSCMAPWV01",
          "schema_version": 0,
          "attributes": {
            "id": "/subscriptions/43cc4f11-ffb1-4a0d-8420-0ba3746b4248/resourceGroups/bab-dev-mub-swec-rg-01/providers/Microsoft.Compute/virtualMachines/DAMUBSCMAPWV01",
            "identity": [],
            "location": "swedencentral",
            "name": "DAMUBSCMAPWV01",
            "power_state": "running",
            "private_ip_address": "10.189.56.125",
            "private_ip_addresses": [
              "10.189.56.125"
            ],
            "public_ip_address": "",
            "public_ip_addresses": [],
            "resource_group_name": "bab-dev-mub-swec-rg-01",
            "timeouts": null
          },
          "sensitive_attributes": []
        },
        {
          "index_key": "DAMUBSMSAPWV01",
          "schema_version": 0,
          "attributes": {
            "id": "/subscriptions/43cc4f11-ffb1-4a0d-8420-0ba3746b4248/resourceGroups/bab-dev-mub-swec-rg-01/providers/Microsoft.Compute/virtualMachines/DAMUBSMSAPWV01",
            "identity": [],
            "location": "swedencentral",
            "name": "DAMUBSMSAPWV01",
            "power_state": "running",
            "private_ip_address": "10.189.57.69",
            "private_ip_addresses": [
              "10.189.57.69"
            ],
            "public_ip_address": "",
            "public_ip_addresses": [],
            "resource_group_name": "bab-dev-mub-swec-rg-01",
            "timeouts": null
          },
          "sensitive_attributes": []
        },
        {
          "index_key": "DAMUBTRSAPWV01",
          "schema_version": 0,
          "attributes": {
            "id": "/subscriptions/43cc4f11-ffb1-4a0d-8420-0ba3746b4248/resourceGroups/bab-dev-mub-swec-rg-01/providers/Microsoft.Compute/virtualMachines/DAMUBTRSAPWV01",
            "identity": [],
            "location": "swedencentral",
            "name": "DAMUBTRSAPWV01",
            "power_state": "running",
            "private_ip_address": "10.189.56.126",
            "private_ip_addresses": [
              "10.189.56.126"
            ],
            "public_ip_address": "",
            "public_ip_addresses": [],
            "resource_group_name": "bab-dev-mub-swec-rg-01",
            "timeouts": null
          },
          "sensitive_attributes": []
        },
        {
          "index_key": "DAMUBWBAPDWV1",
          "schema_version": 0,
          "attributes": {
            "id": "/subscriptions/43cc4f11-ffb1-4a0d-8420-0ba3746b4248/resourceGroups/bab-dev-mub-swec-rg-01/providers/Microsoft.Compute/virtualMachines/DAMUBWBAPDWV1",
            "identity": [],
            "location": "swedencentral",
            "name": "DAMUBWBAPDWV1",
            "power_state": "running",
            "private_ip_address": "10.189.57.16",
            "private_ip_addresses": [
              "10.189.57.16"
            ],
            "public_ip_address": "",
            "public_ip_addresses": [],
            "resource_group_name": "bab-dev-mub-swec-rg-01",
            "timeouts": null
          },
          "sensitive_attributes": []
        },
        {
          "index_key": "DAMUBWBAPDWV2",
          "schema_version": 0,
          "attributes": {
            "id": "/subscriptions/43cc4f11-ffb1-4a0d-8420-0ba3746b4248/resourceGroups/bab-dev-mub-swec-rg-01/providers/Microsoft.Compute/virtualMachines/DAMUBWBAPDWV2",
            "identity": [],
            "location": "swedencentral",
            "name": "DAMUBWBAPDWV2",
            "power_state": "running",
            "private_ip_address": "10.189.57.17",
            "private_ip_addresses": [
              "10.189.57.17"
            ],
            "public_ip_address": "",
            "public_ip_addresses": [],
            "resource_group_name": "bab-dev-mub-swec-rg-01",
            "timeouts": null
          },
          "sensitive_attributes": []
        },
        {
          "index_key": "DAMUBWBMGDWV01",
          "schema_version": 0,
          "attributes": {
            "id": "/subscriptions/43cc4f11-ffb1-4a0d-8420-0ba3746b4248/resourceGroups/bab-dev-mub-swec-rg-01/providers/Microsoft.Compute/virtualMachines/DAMUBWBMGDWV01",
            "identity": [],
            "location": "swedencentral",
            "name": "DAMUBWBMGDWV01",
            "power_state": "running",
            "private_ip_address": "10.189.57.19",
            "private_ip_addresses": [
              "10.189.57.19"
            ],
            "public_ip_address": "",
            "public_ip_addresses": [],
            "resource_group_name": "bab-dev-mub-swec-rg-01",
            "timeouts": null
          },
          "sensitive_attributes": []
        },
        {
          "index_key": "DAMUBWBWV01",
          "schema_version": 0,
          "attributes": {
            "id": "/subscriptions/43cc4f11-ffb1-4a0d-8420-0ba3746b4248/resourceGroups/bab-dev-mub-swec-rg-01/providers/Microsoft.Compute/virtualMachines/DAMUBWBWV01",
            "identity": [],
            "location": "swedencentral",
            "name": "DAMUBWBWV01",
            "power_state": "running",
            "private_ip_address": "10.189.56.122",
            "private_ip_addresses": [
              "10.189.56.122"
            ],
            "public_ip_address": "",
            "public_ip_addresses": [],
            "resource_group_name": "bab-dev-mub-swec-rg-01",
            "timeouts": null
          },
          "sensitive_attributes": []
        }
      ]
    },
    {
      "mode": "managed",
      "type": "azurerm_dev_test_global_vm_shutdown_schedule",
      "name": "shutdown",
      "provider": "provider[\"registry.terraform.io/hashicorp/azurerm\"]",
      "instances": [
        {
          "index_key": "D2MUBAPJBDWV1",
          "schema_version": 0,
          "attributes": {
            "daily_recurrence_time": "2000",
            "enabled": true,
            "id": "/subscriptions/43cc4f11-ffb1-4a0d-8420-0ba3746b4248/resourceGroups/bab-dev-mub-swec-rg-01/providers/Microsoft.DevTestLab/schedules/shutdown-computevm-D2MUBAPJBDWV1",
            "location": "swedencentral",
            "notification_settings": [
              {
                "email": "",
                "enabled": false,
                "time_in_minutes": 30,
                "webhook_url": ""
              }
            ],
            "tags": null,
            "timeouts": null,
            "timezone": "Arab Standard Time",
            "virtual_machine_id": "/subscriptions/43cc4f11-ffb1-4a0d-8420-0ba3746b4248/resourceGroups/bab-dev-mub-swec-rg-01/providers/Microsoft.Compute/virtualMachines/D2MUBAPJBDWV1"
          },
          "sensitive_attributes": [],
          "private": "eyJlMmJmYjczMC1lY2FhLTExZTYtOGY4OC0zNDM2M2JjN2M0YzAiOnsiY3JlYXRlIjoxODAwMDAwMDAwMDAwLCJkZWxldGUiOjE4MDAwMDAwMDAwMDAsInJlYWQiOjMwMDAwMDAwMDAwMCwidXBkYXRlIjoxODAwMDAwMDAwMDAwfX0=",
          "dependencies": [
            "data.azurerm_resources.vms_in_rg",
            "data.azurerm_virtual_machine.vm"
          ]
        },
        {
          "index_key": "D2MUBAPJBDWV2",
          "schema_version": 0,
          "attributes": {
            "daily_recurrence_time": "2000",
            "enabled": true,
            "id": "/subscriptions/43cc4f11-ffb1-4a0d-8420-0ba3746b4248/resourceGroups/bab-dev-mub-swec-rg-01/providers/Microsoft.DevTestLab/schedules/shutdown-computevm-D2MUBAPJBDWV2",
            "location": "swedencentral",
            "notification_settings": [
              {
                "email": "",
                "enabled": false,
                "time_in_minutes": 30,
                "webhook_url": ""
              }
            ],
            "tags": null,
            "timeouts": null,
            "timezone": "Arab Standard Time",
            "virtual_machine_id": "/subscriptions/43cc4f11-ffb1-4a0d-8420-0ba3746b4248/resourceGroups/bab-dev-mub-swec-rg-01/providers/Microsoft.Compute/virtualMachines/D2MUBAPJBDWV2"
          },
          "sensitive_attributes": [],
          "private": "eyJlMmJmYjczMC1lY2FhLTExZTYtOGY4OC0zNDM2M2JjN2M0YzAiOnsiY3JlYXRlIjoxODAwMDAwMDAwMDAwLCJkZWxldGUiOjE4MDAwMDAwMDAwMDAsInJlYWQiOjMwMDAwMDAwMDAwMCwidXBkYXRlIjoxODAwMDAwMDAwMDAwfX0=",
          "dependencies": [
            "data.azurerm_resources.vms_in_rg",
            "data.azurerm_virtual_machine.vm"
          ]
        },
        {
          "index_key": "D2MUBAPJBDWV3",
          "schema_version": 0,
          "attributes": {
            "daily_recurrence_time": "2000",
            "enabled": true,
            "id": "/subscriptions/43cc4f11-ffb1-4a0d-8420-0ba3746b4248/resourceGroups/bab-dev-mub-swec-rg-01/providers/Microsoft.DevTestLab/schedules/shutdown-computevm-D2MUBAPJBDWV3",
            "location": "swedencentral",
            "notification_settings": [
              {
                "email": "",
                "enabled": false,
                "time_in_minutes": 30,
                "webhook_url": ""
              }
            ],
            "tags": null,
            "timeouts": null,
            "timezone": "Arab Standard Time",
            "virtual_machine_id": "/subscriptions/43cc4f11-ffb1-4a0d-8420-0ba3746b4248/resourceGroups/bab-dev-mub-swec-rg-01/providers/Microsoft.Compute/virtualMachines/D2MUBAPJBDWV3"
          },
          "sensitive_attributes": [],
          "private": "eyJlMmJmYjczMC1lY2FhLTExZTYtOGY4OC0zNDM2M2JjN2M0YzAiOnsiY3JlYXRlIjoxODAwMDAwMDAwMDAwLCJkZWxldGUiOjE4MDAwMDAwMDAwMDAsInJlYWQiOjMwMDAwMDAwMDAwMCwidXBkYXRlIjoxODAwMDAwMDAwMDAwfX0=",
          "dependencies": [
            "data.azurerm_resources.vms_in_rg",
            "data.azurerm_virtual_machine.vm"
          ]
        },
        {
          "index_key": "DAMUBAPCODWV1",
          "schema_version": 0,
          "attributes": {
            "daily_recurrence_time": "2000",
            "enabled": true,
            "id": "/subscriptions/43cc4f11-ffb1-4a0d-8420-0ba3746b4248/resourceGroups/bab-dev-mub-swec-rg-01/providers/Microsoft.DevTestLab/schedules/shutdown-computevm-DAMUBAPCODWV1",
            "location": "swedencentral",
            "notification_settings": [
              {
                "email": "",
                "enabled": false,
                "time_in_minutes": 30,
                "webhook_url": ""
              }
            ],
            "tags": null,
            "timeouts": null,
            "timezone": "Arab Standard Time",
            "virtual_machine_id": "/subscriptions/43cc4f11-ffb1-4a0d-8420-0ba3746b4248/resourceGroups/bab-dev-mub-swec-rg-01/providers/Microsoft.Compute/virtualMachines/DAMUBAPCODWV1"
          },
          "sensitive_attributes": [],
          "private": "eyJlMmJmYjczMC1lY2FhLTExZTYtOGY4OC0zNDM2M2JjN2M0YzAiOnsiY3JlYXRlIjoxODAwMDAwMDAwMDAwLCJkZWxldGUiOjE4MDAwMDAwMDAwMDAsInJlYWQiOjMwMDAwMDAwMDAwMCwidXBkYXRlIjoxODAwMDAwMDAwMDAwfX0=",
          "dependencies": [
            "data.azurerm_resources.vms_in_rg",
            "data.azurerm_virtual_machine.vm"
          ]
        },
        {
          "index_key": "DAMUBAPCODWV2",
          "schema_version": 0,
          "attributes": {
            "daily_recurrence_time": "2000",
            "enabled": true,
            "id": "/subscriptions/43cc4f11-ffb1-4a0d-8420-0ba3746b4248/resourceGroups/bab-dev-mub-swec-rg-01/providers/Microsoft.DevTestLab/schedules/shutdown-computevm-DAMUBAPCODWV2",
            "location": "swedencentral",
            "notification_settings": [
              {
                "email": "",
                "enabled": false,
                "time_in_minutes": 30,
                "webhook_url": ""
              }
            ],
            "tags": null,
            "timeouts": null,
            "timezone": "Arab Standard Time",
            "virtual_machine_id": "/subscriptions/43cc4f11-ffb1-4a0d-8420-0ba3746b4248/resourceGroups/bab-dev-mub-swec-rg-01/providers/Microsoft.Compute/virtualMachines/DAMUBAPCODWV2"
          },
          "sensitive_attributes": [],
          "private": "eyJlMmJmYjczMC1lY2FhLTExZTYtOGY4OC0zNDM2M2JjN2M0YzAiOnsiY3JlYXRlIjoxODAwMDAwMDAwMDAwLCJkZWxldGUiOjE4MDAwMDAwMDAwMDAsInJlYWQiOjMwMDAwMDAwMDAwMCwidXBkYXRlIjoxODAwMDAwMDAwMDAwfX0=",
          "dependencies": [
            "data.azurerm_resources.vms_in_rg",
            "data.azurerm_virtual_machine.vm"
          ]
        },
        {
          "index_key": "DAMUBAPJBDWV1",
          "schema_version": 0,
          "attributes": {
            "daily_recurrence_time": "2000",
            "enabled": true,
            "id": "/subscriptions/43cc4f11-ffb1-4a0d-8420-0ba3746b4248/resourceGroups/bab-dev-mub-swec-rg-01/providers/Microsoft.DevTestLab/schedules/shutdown-computevm-DAMUBAPJBDWV1",
            "location": "swedencentral",
            "notification_settings": [
              {
                "email": "",
                "enabled": false,
                "time_in_minutes": 30,
                "webhook_url": ""
              }
            ],
            "tags": null,
            "timeouts": null,
            "timezone": "Arab Standard Time",
            "virtual_machine_id": "/subscriptions/43cc4f11-ffb1-4a0d-8420-0ba3746b4248/resourceGroups/bab-dev-mub-swec-rg-01/providers/Microsoft.Compute/virtualMachines/DAMUBAPJBDWV1"
          },
          "sensitive_attributes": [],
          "private": "eyJlMmJmYjczMC1lY2FhLTExZTYtOGY4OC0zNDM2M2JjN2M0YzAiOnsiY3JlYXRlIjoxODAwMDAwMDAwMDAwLCJkZWxldGUiOjE4MDAwMDAwMDAwMDAsInJlYWQiOjMwMDAwMDAwMDAwMCwidXBkYXRlIjoxODAwMDAwMDAwMDAwfX0=",
          "dependencies": [
            "data.azurerm_resources.vms_in_rg",
            "data.azurerm_virtual_machine.vm"
          ]
        },
        {
          "index_key": "DAMUBAPMGDWV01",
          "schema_version": 0,
          "attributes": {
            "daily_recurrence_time": "2000",
            "enabled": true,
            "id": "/subscriptions/43cc4f11-ffb1-4a0d-8420-0ba3746b4248/resourceGroups/bab-dev-mub-swec-rg-01/providers/Microsoft.DevTestLab/schedules/shutdown-computevm-DAMUBAPMGDWV01",
            "location": "swedencentral",
            "notification_settings": [
              {
                "email": "",
                "enabled": false,
                "time_in_minutes": 30,
                "webhook_url": ""
              }
            ],
            "tags": null,
            "timeouts": null,
            "timezone": "Arab Standard Time",
            "virtual_machine_id": "/subscriptions/43cc4f11-ffb1-4a0d-8420-0ba3746b4248/resourceGroups/bab-dev-mub-swec-rg-01/providers/Microsoft.Compute/virtualMachines/DAMUBAPMGDWV01"
          },
          "sensitive_attributes": [],
          "private": "eyJlMmJmYjczMC1lY2FhLTExZTYtOGY4OC0zNDM2M2JjN2M0YzAiOnsiY3JlYXRlIjoxODAwMDAwMDAwMDAwLCJkZWxldGUiOjE4MDAwMDAwMDAwMDAsInJlYWQiOjMwMDAwMDAwMDAwMCwidXBkYXRlIjoxODAwMDAwMDAwMDAwfX0=",
          "dependencies": [
            "data.azurerm_resources.vms_in_rg",
            "data.azurerm_virtual_machine.vm"
          ]
        },
        {
          "index_key": "DAMUBDBORDLV01",
          "schema_version": 0,
          "attributes": {
            "daily_recurrence_time": "2000",
            "enabled": true,
            "id": "/subscriptions/43cc4f11-ffb1-4a0d-8420-0ba3746b4248/resourceGroups/bab-dev-mub-swec-rg-01/providers/Microsoft.DevTestLab/schedules/shutdown-computevm-DAMUBDBORDLV01",
            "location": "swedencentral",
            "notification_settings": [
              {
                "email": "",
                "enabled": false,
                "time_in_minutes": 30,
                "webhook_url": ""
              }
            ],
            "tags": null,
            "timeouts": null,
            "timezone": "Arab Standard Time",
            "virtual_machine_id": "/subscriptions/43cc4f11-ffb1-4a0d-8420-0ba3746b4248/resourceGroups/bab-dev-mub-swec-rg-01/providers/Microsoft.Compute/virtualMachines/DAMUBDBORDLV01"
          },
          "sensitive_attributes": [],
          "private": "eyJlMmJmYjczMC1lY2FhLTExZTYtOGY4OC0zNDM2M2JjN2M0YzAiOnsiY3JlYXRlIjoxODAwMDAwMDAwMDAwLCJkZWxldGUiOjE4MDAwMDAwMDAwMDAsInJlYWQiOjMwMDAwMDAwMDAwMCwidXBkYXRlIjoxODAwMDAwMDAwMDAwfX0=",
          "dependencies": [
            "data.azurerm_resources.vms_in_rg",
            "data.azurerm_virtual_machine.vm"
          ]
        },
        {
          "index_key": "DAMUBDBORDWV2",
          "schema_version": 0,
          "attributes": {
            "daily_recurrence_time": "2000",
            "enabled": true,
            "id": "/subscriptions/43cc4f11-ffb1-4a0d-8420-0ba3746b4248/resourceGroups/bab-dev-mub-swec-rg-01/providers/Microsoft.DevTestLab/schedules/shutdown-computevm-DAMUBDBORDWV2",
            "location": "swedencentral",
            "notification_settings": [
              {
                "email": "",
                "enabled": false,
                "time_in_minutes": 30,
                "webhook_url": ""
              }
            ],
            "tags": null,
            "timeouts": null,
            "timezone": "Arab Standard Time",
            "virtual_machine_id": "/subscriptions/43cc4f11-ffb1-4a0d-8420-0ba3746b4248/resourceGroups/bab-dev-mub-swec-rg-01/providers/Microsoft.Compute/virtualMachines/DAMUBDBORDWV2"
          },
          "sensitive_attributes": [],
          "private": "eyJlMmJmYjczMC1lY2FhLTExZTYtOGY4OC0zNDM2M2JjN2M0YzAiOnsiY3JlYXRlIjoxODAwMDAwMDAwMDAwLCJkZWxldGUiOjE4MDAwMDAwMDAwMDAsInJlYWQiOjMwMDAwMDAwMDAwMCwidXBkYXRlIjoxODAwMDAwMDAwMDAwfX0=",
          "dependencies": [
            "data.azurerm_resources.vms_in_rg",
            "data.azurerm_virtual_machine.vm"
          ]
        },
        {
          "index_key": "DAMUBOMSAPWV01",
          "schema_version": 0,
          "attributes": {
            "daily_recurrence_time": "2000",
            "enabled": true,
            "id": "/subscriptions/43cc4f11-ffb1-4a0d-8420-0ba3746b4248/resourceGroups/bab-dev-mub-swec-rg-01/providers/Microsoft.DevTestLab/schedules/shutdown-computevm-DAMUBOMSAPWV01",
            "location": "swedencentral",
            "notification_settings": [
              {
                "email": "",
                "enabled": false,
                "time_in_minutes": 30,
                "webhook_url": ""
              }
            ],
            "tags": null,
            "timeouts": null,
            "timezone": "Arab Standard Time",
            "virtual_machine_id": "/subscriptions/43cc4f11-ffb1-4a0d-8420-0ba3746b4248/resourceGroups/bab-dev-mub-swec-rg-01/providers/Microsoft.Compute/virtualMachines/DAMUBOMSAPWV01"
          },
          "sensitive_attributes": [],
          "private": "eyJlMmJmYjczMC1lY2FhLTExZTYtOGY4OC0zNDM2M2JjN2M0YzAiOnsiY3JlYXRlIjoxODAwMDAwMDAwMDAwLCJkZWxldGUiOjE4MDAwMDAwMDAwMDAsInJlYWQiOjMwMDAwMDAwMDAwMCwidXBkYXRlIjoxODAwMDAwMDAwMDAwfX0=",
          "dependencies": [
            "data.azurerm_resources.vms_in_rg",
            "data.azurerm_virtual_machine.vm"
          ]
        },
        {
          "index_key": "DAMUBOMSAPWV02",
          "schema_version": 0,
          "attributes": {
            "daily_recurrence_time": "2000",
            "enabled": true,
            "id": "/subscriptions/43cc4f11-ffb1-4a0d-8420-0ba3746b4248/resourceGroups/bab-dev-mub-swec-rg-01/providers/Microsoft.DevTestLab/schedules/shutdown-computevm-DAMUBOMSAPWV02",
            "location": "swedencentral",
            "notification_settings": [
              {
                "email": "",
                "enabled": false,
                "time_in_minutes": 30,
                "webhook_url": ""
              }
            ],
            "tags": null,
            "timeouts": null,
            "timezone": "Arab Standard Time",
            "virtual_machine_id": "/subscriptions/43cc4f11-ffb1-4a0d-8420-0ba3746b4248/resourceGroups/bab-dev-mub-swec-rg-01/providers/Microsoft.Compute/virtualMachines/DAMUBOMSAPWV02"
          },
          "sensitive_attributes": [],
          "private": "eyJlMmJmYjczMC1lY2FhLTExZTYtOGY4OC0zNDM2M2JjN2M0YzAiOnsiY3JlYXRlIjoxODAwMDAwMDAwMDAwLCJkZWxldGUiOjE4MDAwMDAwMDAwMDAsInJlYWQiOjMwMDAwMDAwMDAwMCwidXBkYXRlIjoxODAwMDAwMDAwMDAwfX0=",
          "dependencies": [
            "data.azurerm_resources.vms_in_rg",
            "data.azurerm_virtual_machine.vm"
          ]
        },
        {
          "index_key": "DAMUBOMSAPWV03",
          "schema_version": 0,
          "attributes": {
            "daily_recurrence_time": "2000",
            "enabled": true,
            "id": "/subscriptions/43cc4f11-ffb1-4a0d-8420-0ba3746b4248/resourceGroups/bab-dev-mub-swec-rg-01/providers/Microsoft.DevTestLab/schedules/shutdown-computevm-DAMUBOMSAPWV03",
            "location": "swedencentral",
            "notification_settings": [
              {
                "email": "",
                "enabled": false,
                "time_in_minutes": 30,
                "webhook_url": ""
              }
            ],
            "tags": null,
            "timeouts": null,
            "timezone": "Arab Standard Time",
            "virtual_machine_id": "/subscriptions/43cc4f11-ffb1-4a0d-8420-0ba3746b4248/resourceGroups/bab-dev-mub-swec-rg-01/providers/Microsoft.Compute/virtualMachines/DAMUBOMSAPWV03"
          },
          "sensitive_attributes": [],
          "private": "eyJlMmJmYjczMC1lY2FhLTExZTYtOGY4OC0zNDM2M2JjN2M0YzAiOnsiY3JlYXRlIjoxODAwMDAwMDAwMDAwLCJkZWxldGUiOjE4MDAwMDAwMDAwMDAsInJlYWQiOjMwMDAwMDAwMDAwMCwidXBkYXRlIjoxODAwMDAwMDAwMDAwfX0=",
          "dependencies": [
            "data.azurerm_resources.vms_in_rg",
            "data.azurerm_virtual_machine.vm"
          ]
        },
        {
          "index_key": "DAMUBSCMAPWV01",
          "schema_version": 0,
          "attributes": {
            "daily_recurrence_time": "2000",
            "enabled": true,
            "id": "/subscriptions/43cc4f11-ffb1-4a0d-8420-0ba3746b4248/resourceGroups/bab-dev-mub-swec-rg-01/providers/Microsoft.DevTestLab/schedules/shutdown-computevm-DAMUBSCMAPWV01",
            "location": "swedencentral",
            "notification_settings": [
              {
                "email": "",
                "enabled": false,
                "time_in_minutes": 30,
                "webhook_url": ""
              }
            ],
            "tags": null,
            "timeouts": null,
            "timezone": "Arab Standard Time",
            "virtual_machine_id": "/subscriptions/43cc4f11-ffb1-4a0d-8420-0ba3746b4248/resourceGroups/bab-dev-mub-swec-rg-01/providers/Microsoft.Compute/virtualMachines/DAMUBSCMAPWV01"
          },
          "sensitive_attributes": [],
          "private": "eyJlMmJmYjczMC1lY2FhLTExZTYtOGY4OC0zNDM2M2JjN2M0YzAiOnsiY3JlYXRlIjoxODAwMDAwMDAwMDAwLCJkZWxldGUiOjE4MDAwMDAwMDAwMDAsInJlYWQiOjMwMDAwMDAwMDAwMCwidXBkYXRlIjoxODAwMDAwMDAwMDAwfX0=",
          "dependencies": [
            "data.azurerm_resources.vms_in_rg",
            "data.azurerm_virtual_machine.vm"
          ]
        },
        {
          "index_key": "DAMUBSMSAPWV01",
          "schema_version": 0,
          "attributes": {
            "daily_recurrence_time": "2000",
            "enabled": true,
            "id": "/subscriptions/43cc4f11-ffb1-4a0d-8420-0ba3746b4248/resourceGroups/bab-dev-mub-swec-rg-01/providers/Microsoft.DevTestLab/schedules/shutdown-computevm-DAMUBSMSAPWV01",
            "location": "swedencentral",
            "notification_settings": [
              {
                "email": "",
                "enabled": false,
                "time_in_minutes": 30,
                "webhook_url": ""
              }
            ],
            "tags": null,
            "timeouts": null,
            "timezone": "Arab Standard Time",
            "virtual_machine_id": "/subscriptions/43cc4f11-ffb1-4a0d-8420-0ba3746b4248/resourceGroups/bab-dev-mub-swec-rg-01/providers/Microsoft.Compute/virtualMachines/DAMUBSMSAPWV01"
          },
          "sensitive_attributes": [],
          "private": "eyJlMmJmYjczMC1lY2FhLTExZTYtOGY4OC0zNDM2M2JjN2M0YzAiOnsiY3JlYXRlIjoxODAwMDAwMDAwMDAwLCJkZWxldGUiOjE4MDAwMDAwMDAwMDAsInJlYWQiOjMwMDAwMDAwMDAwMCwidXBkYXRlIjoxODAwMDAwMDAwMDAwfX0=",
          "dependencies": [
            "data.azurerm_resources.vms_in_rg",
            "data.azurerm_virtual_machine.vm"
          ]
        },
        {
          "index_key": "DAMUBTRSAPWV01",
          "schema_version": 0,
          "attributes": {
            "daily_recurrence_time": "2000",
            "enabled": true,
            "id": "/subscriptions/43cc4f11-ffb1-4a0d-8420-0ba3746b4248/resourceGroups/bab-dev-mub-swec-rg-01/providers/Microsoft.DevTestLab/schedules/shutdown-computevm-DAMUBTRSAPWV01",
            "location": "swedencentral",
            "notification_settings": [
              {
                "email": "",
                "enabled": false,
                "time_in_minutes": 30,
                "webhook_url": ""
              }
            ],
            "tags": null,
            "timeouts": null,
            "timezone": "Arab Standard Time",
            "virtual_machine_id": "/subscriptions/43cc4f11-ffb1-4a0d-8420-0ba3746b4248/resourceGroups/bab-dev-mub-swec-rg-01/providers/Microsoft.Compute/virtualMachines/DAMUBTRSAPWV01"
          },
          "sensitive_attributes": [],
          "private": "eyJlMmJmYjczMC1lY2FhLTExZTYtOGY4OC0zNDM2M2JjN2M0YzAiOnsiY3JlYXRlIjoxODAwMDAwMDAwMDAwLCJkZWxldGUiOjE4MDAwMDAwMDAwMDAsInJlYWQiOjMwMDAwMDAwMDAwMCwidXBkYXRlIjoxODAwMDAwMDAwMDAwfX0=",
          "dependencies": [
            "data.azurerm_resources.vms_in_rg",
            "data.azurerm_virtual_machine.vm"
          ]
        },
        {
          "index_key": "DAMUBWBAPDWV1",
          "schema_version": 0,
          "attributes": {
            "daily_recurrence_time": "2000",
            "enabled": true,
            "id": "/subscriptions/43cc4f11-ffb1-4a0d-8420-0ba3746b4248/resourceGroups/bab-dev-mub-swec-rg-01/providers/Microsoft.DevTestLab/schedules/shutdown-computevm-DAMUBWBAPDWV1",
            "location": "swedencentral",
            "notification_settings": [
              {
                "email": "",
                "enabled": false,
                "time_in_minutes": 30,
                "webhook_url": ""
              }
            ],
            "tags": null,
            "timeouts": null,
            "timezone": "Arab Standard Time",
            "virtual_machine_id": "/subscriptions/43cc4f11-ffb1-4a0d-8420-0ba3746b4248/resourceGroups/bab-dev-mub-swec-rg-01/providers/Microsoft.Compute/virtualMachines/DAMUBWBAPDWV1"
          },
          "sensitive_attributes": [],
          "private": "eyJlMmJmYjczMC1lY2FhLTExZTYtOGY4OC0zNDM2M2JjN2M0YzAiOnsiY3JlYXRlIjoxODAwMDAwMDAwMDAwLCJkZWxldGUiOjE4MDAwMDAwMDAwMDAsInJlYWQiOjMwMDAwMDAwMDAwMCwidXBkYXRlIjoxODAwMDAwMDAwMDAwfX0=",
          "dependencies": [
            "data.azurerm_resources.vms_in_rg",
            "data.azurerm_virtual_machine.vm"
          ]
        },
        {
          "index_key": "DAMUBWBAPDWV2",
          "schema_version": 0,
          "attributes": {
            "daily_recurrence_time": "2000",
            "enabled": true,
            "id": "/subscriptions/43cc4f11-ffb1-4a0d-8420-0ba3746b4248/resourceGroups/bab-dev-mub-swec-rg-01/providers/Microsoft.DevTestLab/schedules/shutdown-computevm-DAMUBWBAPDWV2",
            "location": "swedencentral",
            "notification_settings": [
              {
                "email": "",
                "enabled": false,
                "time_in_minutes": 30,
                "webhook_url": ""
              }
            ],
            "tags": null,
            "timeouts": null,
            "timezone": "Arab Standard Time",
            "virtual_machine_id": "/subscriptions/43cc4f11-ffb1-4a0d-8420-0ba3746b4248/resourceGroups/bab-dev-mub-swec-rg-01/providers/Microsoft.Compute/virtualMachines/DAMUBWBAPDWV2"
          },
          "sensitive_attributes": [],
          "private": "eyJlMmJmYjczMC1lY2FhLTExZTYtOGY4OC0zNDM2M2JjN2M0YzAiOnsiY3JlYXRlIjoxODAwMDAwMDAwMDAwLCJkZWxldGUiOjE4MDAwMDAwMDAwMDAsInJlYWQiOjMwMDAwMDAwMDAwMCwidXBkYXRlIjoxODAwMDAwMDAwMDAwfX0=",
          "dependencies": [
            "data.azurerm_resources.vms_in_rg",
            "data.azurerm_virtual_machine.vm"
          ]
        },
        {
          "index_key": "DAMUBWBMGDWV01",
          "schema_version": 0,
          "attributes": {
            "daily_recurrence_time": "2000",
            "enabled": true,
            "id": "/subscriptions/43cc4f11-ffb1-4a0d-8420-0ba3746b4248/resourceGroups/bab-dev-mub-swec-rg-01/providers/Microsoft.DevTestLab/schedules/shutdown-computevm-DAMUBWBMGDWV01",
            "location": "swedencentral",
            "notification_settings": [
              {
                "email": "",
                "enabled": false,
                "time_in_minutes": 30,
                "webhook_url": ""
              }
            ],
            "tags": null,
            "timeouts": null,
            "timezone": "Arab Standard Time",
            "virtual_machine_id": "/subscriptions/43cc4f11-ffb1-4a0d-8420-0ba3746b4248/resourceGroups/bab-dev-mub-swec-rg-01/providers/Microsoft.Compute/virtualMachines/DAMUBWBMGDWV01"
          },
          "sensitive_attributes": [],
          "private": "eyJlMmJmYjczMC1lY2FhLTExZTYtOGY4OC0zNDM2M2JjN2M0YzAiOnsiY3JlYXRlIjoxODAwMDAwMDAwMDAwLCJkZWxldGUiOjE4MDAwMDAwMDAwMDAsInJlYWQiOjMwMDAwMDAwMDAwMCwidXBkYXRlIjoxODAwMDAwMDAwMDAwfX0=",
          "dependencies": [
            "data.azurerm_resources.vms_in_rg",
            "data.azurerm_virtual_machine.vm"
          ]
        },
        {
          "index_key": "DAMUBWBWV01",
          "schema_version": 0,
          "attributes": {
            "daily_recurrence_time": "2000",
            "enabled": true,
            "id": "/subscriptions/43cc4f11-ffb1-4a0d-8420-0ba3746b4248/resourceGroups/bab-dev-mub-swec-rg-01/providers/Microsoft.DevTestLab/schedules/shutdown-computevm-DAMUBWBWV01",
            "location": "swedencentral",
            "notification_settings": [
              {
                "email": "",
                "enabled": false,
                "time_in_minutes": 30,
                "webhook_url": ""
              }
            ],
            "tags": null,
            "timeouts": null,
            "timezone": "Arab Standard Time",
            "virtual_machine_id": "/subscriptions/43cc4f11-ffb1-4a0d-8420-0ba3746b4248/resourceGroups/bab-dev-mub-swec-rg-01/providers/Microsoft.Compute/virtualMachines/DAMUBWBWV01"
          },
          "sensitive_attributes": [],
          "private": "eyJlMmJmYjczMC1lY2FhLTExZTYtOGY4OC0zNDM2M2JjN2M0YzAiOnsiY3JlYXRlIjoxODAwMDAwMDAwMDAwLCJkZWxldGUiOjE4MDAwMDAwMDAwMDAsInJlYWQiOjMwMDAwMDAwMDAwMCwidXBkYXRlIjoxODAwMDAwMDAwMDAwfX0=",
          "dependencies": [
            "data.azurerm_resources.vms_in_rg",
            "data.azurerm_virtual_machine.vm"
          ]
        }
      ]
    }
  ],
  "check_results": null
}
